
Microsoft Visual Studio Solution File, Format Version 12.00
# Visual Studio Version 16
VisualStudioVersion = 16.0.30114.105
MinimumVisualStudioVersion = 10.0.40219.1
Project("{2150E333-8FDC-42A3-9474-1A3956D46DE8}") = "src", "src", "{D5385DF8-E4FF-4AFB-B819-96940DD79ED9}"
EndProject
Project("{F2A71F9B-5D33-465A-A702-920D77279786}") = "Bot", "src\Bot\Bot.fsproj", "{D722E345-EEF7-4AB4-B535-A0ECDA58B923}"
EndProject
Project("{F2A71F9B-5D33-465A-A702-920D77279786}") = "App", "src\App\App.fsproj", "{A8E33AF0-CE8C-4F90-A89F-E8F796475514}"
EndProject
Global
	GlobalSection(SolutionConfigurationPlatforms) = preSolution
		Debug|Any CPU = Debug|Any CPU
		Debug|x64 = Debug|x64
		Debug|x86 = Debug|x86
		Release|Any CPU = Release|Any CPU
		Release|x64 = Release|x64
		Release|x86 = Release|x86
	EndGlobalSection
	GlobalSection(SolutionProperties) = preSolution
		HideSolutionNode = FALSE
	EndGlobalSection
	GlobalSection(ProjectConfigurationPlatforms) = postSolution
		{D722E345-EEF7-4AB4-B535-A0ECDA58B923}.Debug|Any CPU.ActiveCfg = Debug|Any CPU
		{D722E345-EEF7-4AB4-B535-A0ECDA58B923}.Debug|Any CPU.Build.0 = Debug|Any CPU
		{D722E345-EEF7-4AB4-B535-A0ECDA58B923}.Debug|x64.ActiveCfg = Debug|Any CPU
		{D722E345-EEF7-4AB4-B535-A0ECDA58B923}.Debug|x64.Build.0 = Debug|Any CPU
		{D722E345-EEF7-4AB4-B535-A0ECDA58B923}.Debug|x86.ActiveCfg = Debug|Any CPU
		{D722E345-EEF7-4AB4-B535-A0ECDA58B923}.Debug|x86.Build.0 = Debug|Any CPU
		{D722E345-EEF7-4AB4-B535-A0ECDA58B923}.Release|Any CPU.ActiveCfg = Release|Any CPU
		{D722E345-EEF7-4AB4-B535-A0ECDA58B923}.Release|Any CPU.Build.0 = Release|Any CPU
		{D722E345-EEF7-4AB4-B535-A0ECDA58B923}.Release|x64.ActiveCfg = Release|Any CPU
		{D722E345-EEF7-4AB4-B535-A0ECDA58B923}.Release|x64.Build.0 = Release|Any CPU
		{D722E345-EEF7-4AB4-B535-A0ECDA58B923}.Release|x86.ActiveCfg = Release|Any CPU
		{D722E345-EEF7-4AB4-B535-A0ECDA58B923}.Release|x86.Build.0 = Release|Any CPU
		{A8E33AF0-CE8C-4F90-A89F-E8F796475514}.Debug|Any CPU.ActiveCfg = Debug|Any CPU
		{A8E33AF0-CE8C-4F90-A89F-E8F796475514}.Debug|Any CPU.Build.0 = Debug|Any CPU
		{A8E33AF0-CE8C-4F90-A89F-E8F796475514}.Debug|x64.ActiveCfg = Debug|Any CPU
		{A8E33AF0-CE8C-4F90-A89F-E8F796475514}.Debug|x64.Build.0 = Debug|Any CPU
		{A8E33AF0-CE8C-4F90-A89F-E8F796475514}.Debug|x86.ActiveCfg = Debug|Any CPU
		{A8E33AF0-CE8C-4F90-A89F-E8F796475514}.Debug|x86.Build.0 = Debug|Any CPU
		{A8E33AF0-CE8C-4F90-A89F-E8F796475514}.Release|Any CPU.ActiveCfg = Release|Any CPU
		{A8E33AF0-CE8C-4F90-A89F-E8F796475514}.Release|Any CPU.Build.0 = Release|Any CPU
		{A8E33AF0-CE8C-4F90-A89F-E8F796475514}.Release|x64.ActiveCfg = Release|Any CPU
		{A8E33AF0-CE8C-4F90-A89F-E8F796475514}.Release|x64.Build.0 = Release|Any CPU
		{A8E33AF0-CE8C-4F90-A89F-E8F796475514}.Release|x86.ActiveCfg = Release|Any CPU
		{A8E33AF0-CE8C-4F90-A89F-E8F796475514}.Release|x86.Build.0 = Release|Any CPU
	EndGlobalSection
	GlobalSection(NestedProjects) = preSolution
		{D722E345-EEF7-4AB4-B535-A0ECDA58B923} = {D5385DF8-E4FF-4AFB-B819-96940DD79ED9}
		{A8E33AF0-CE8C-4F90-A89F-E8F796475514} = {D5385DF8-E4FF-4AFB-B819-96940DD79ED9}
	EndGlobalSection
EndGlobal
